	<Project xmlns="http://schemas.microsoft.com/developer/msbuild/2003">
		<PropertyGroup>
			<ProjectGuid>{2C3D007C-CA38-4011-BBF0-A173F3335C80}</ProjectGuid>
			<ProjectVersion>12.0</ProjectVersion>
			<MainSource>console_demo_delphi10.dpr</MainSource>
			<Config Condition="'$(Config)'==''">Debug</Config>
			<DCC_DCCCompiler>DCC32</DCC_DCCCompiler>
		</PropertyGroup>
		<PropertyGroup Condition="'$(Config)'=='Base' or '$(Base)'!=''">
			<Base>true</Base>
		</PropertyGroup>
		<PropertyGroup Condition="'$(Config)'=='Release' or '$(Cfg_1)'!=''">
			<Cfg_1>true</Cfg_1>
			<CfgParent>Base</CfgParent>
			<Base>true</Base>
		</PropertyGroup>
		<PropertyGroup Condition="'$(Config)'=='Debug' or '$(Cfg_2)'!=''">
			<Cfg_2>true</Cfg_2>
			<CfgParent>Base</CfgParent>
			<Base>true</Base>
		</PropertyGroup>
		<PropertyGroup Condition="'$(Base)'!=''">
			<DCC_ExeOutput>..\bin</DCC_ExeOutput>
			<DCC_F>false</DCC_F>
			<DCC_UnitAlias>WinTypes=Windows;WinProcs=Windows;DbiTypes=BDE;DbiProcs=BDE;DbiErrs=BDE;$(DCC_UnitAlias)</DCC_UnitAlias>
			<DCC_K>false</DCC_K>
			<DCC_DcpOutput>$(TEMP)\delphi</DCC_DcpOutput>
			<DCC_BplOutput>$(TEMP)\delphi\packageOutput</DCC_BplOutput>
			<DCC_DcuOutput>$(TEMP)\delphi\UnitOutput</DCC_DcuOutput>
			<DCC_E>false</DCC_E>
			<DCC_Platform>x86</DCC_Platform>
			<DCC_N>false</DCC_N>
			<DCC_S>false</DCC_S>
			<DCC_DependencyCheckOutputName>..\bin\console_demo_delphi10.exe</DCC_DependencyCheckOutputName>
			<DCC_UnitSearchPath>$(TEMP)\delphi\packageOutput;$(TEMP)\delphi\UnitOutput;$(DCC_UnitSearchPath)</DCC_UnitSearchPath>
			<DCC_ImageBase>00400000</DCC_ImageBase>
		</PropertyGroup>
		<PropertyGroup Condition="'$(Cfg_1)'!=''">
			<DCC_Define>RELEASE;$(DCC_Define)</DCC_Define>
			<DCC_SymbolReferenceInfo>0</DCC_SymbolReferenceInfo>
			<DCC_LocalDebugSymbols>false</DCC_LocalDebugSymbols>
			<DCC_DebugInformation>false</DCC_DebugInformation>
		</PropertyGroup>
		<PropertyGroup Condition="'$(Cfg_2)'!=''">
			<DCC_Define>DEBUG;$(DCC_Define)</DCC_Define>
		</PropertyGroup>
		<ItemGroup>
			<DelphiCompile Include="console_demo_delphi10.dpr">
				<MainSource>MainSource</MainSource>
			</DelphiCompile>
			<DCCReference Include="dll_loader.pas"/>
			<None Include="console_demo_delphi10.dpr"/>
			<BuildConfiguration Include="Base">
				<Key>Base</Key>
			</BuildConfiguration>
			<BuildConfiguration Include="Release">
				<Key>Cfg_1</Key>
				<CfgParent>Base</CfgParent>
			</BuildConfiguration>
			<BuildConfiguration Include="Debug">
				<Key>Cfg_2</Key>
				<CfgParent>Base</CfgParent>
			</BuildConfiguration>
		</ItemGroup>
		<Import Project="$(BDS)\Bin\CodeGear.Delphi.Targets" Condition="Exists('$(BDS)\Bin\CodeGear.Delphi.Targets')"/>
		<ProjectExtensions>
			<Borland.Personality>Delphi.Personality.12</Borland.Personality>
			<Borland.ProjectType/>
			<BorlandProject>
				<Delphi.Personality>
					<Source>
						<Source Name="MainSource">console_demo_delphi10.dpr</Source>
					</Source>
					<Parameters>
						<Parameters Name="UseLauncher">False</Parameters>
						<Parameters Name="LoadAllSymbols">True</Parameters>
						<Parameters Name="LoadUnspecifiedSymbols">False</Parameters>
					</Parameters>
					<VersionInfo>
						<VersionInfo Name="IncludeVerInfo">False</VersionInfo>
						<VersionInfo Name="AutoIncBuild">False</VersionInfo>
						<VersionInfo Name="MajorVer">1</VersionInfo>
						<VersionInfo Name="MinorVer">0</VersionInfo>
						<VersionInfo Name="Release">0</VersionInfo>
						<VersionInfo Name="Build">0</VersionInfo>
						<VersionInfo Name="Debug">False</VersionInfo>
						<VersionInfo Name="PreRelease">False</VersionInfo>
						<VersionInfo Name="Special">False</VersionInfo>
						<VersionInfo Name="Private">False</VersionInfo>
						<VersionInfo Name="DLL">False</VersionInfo>
						<VersionInfo Name="Locale">1032</VersionInfo>
						<VersionInfo Name="CodePage">1253</VersionInfo>
					</VersionInfo>
					<VersionInfoKeys>
						<VersionInfoKeys Name="CompanyName"/>
						<VersionInfoKeys Name="FileDescription"/>
						<VersionInfoKeys Name="FileVersion">1.0.0.0</VersionInfoKeys>
						<VersionInfoKeys Name="InternalName"/>
						<VersionInfoKeys Name="LegalCopyright"/>
						<VersionInfoKeys Name="LegalTrademarks"/>
						<VersionInfoKeys Name="OriginalFilename"/>
						<VersionInfoKeys Name="ProductName"/>
						<VersionInfoKeys Name="ProductVersion">1.0.0.0</VersionInfoKeys>
						<VersionInfoKeys Name="Comments"/>
					</VersionInfoKeys>
					<Excluded_Packages>
						<Excluded_Packages Name="$(BDS)\bin\dclstd140.bpl">Embarcadero Standard Components</Excluded_Packages>
						<Excluded_Packages Name="$(BDS)\bin\dcldb140.bpl">Embarcadero Database Components</Excluded_Packages>
						<Excluded_Packages Name="$(BDS)\Bin\dclmid140.bpl">Embarcadero MyBase DataAccess Components</Excluded_Packages>
						<Excluded_Packages Name="$(BDS)\Bin\dclIndyCore140.bpl">Indy 10 Core Design Time</Excluded_Packages>
						<Excluded_Packages Name="$(BDS)\Bin\dclwbm140.bpl">Embarcadero InternetExpress Components</Excluded_Packages>
						<Excluded_Packages Name="$(BDS)\Bin\dclnet140.bpl">Embarcadero Internet Components</Excluded_Packages>
						<Excluded_Packages Name="$(BDS)\bin\dcldbx140.bpl">Embarcadero dbExpress Components</Excluded_Packages>
						<Excluded_Packages Name="$(BDS)\bin\bcbie140.bpl">Embarcadero C++Builder Internet Explorer Components Package</Excluded_Packages>
						<Excluded_Packages Name="$(BDS)\bin\dclbcbsmp140.bpl">Embarcadero Sample Controls Design Time Package</Excluded_Packages>
						<Excluded_Packages Name="$(BDS)\bin\applet140.bpl">Embarcadero Control Panel Applet Package</Excluded_Packages>
						<Excluded_Packages Name="$(BDS)\bin\dcl31w140.bpl">Delphi 1.0 Compatibility Components</Excluded_Packages>
						<Excluded_Packages Name="$(BDS)\bin\dclact140.bpl">Embarcadero ActionBar Components</Excluded_Packages>
						<Excluded_Packages Name="$(BDS)\bin\dclbde140.bpl">Embarcadero BDE DB Components</Excluded_Packages>
						<Excluded_Packages Name="$(BDS)\bin\dbx140.bpl">Embarcadero SQL Explorer UI Package</Excluded_Packages>
						<Excluded_Packages Name="$(BDS)\bin\dclemacsedit140.bpl">Embarcadero Editor Emacs Enhancements</Excluded_Packages>
						<Excluded_Packages Name="$(BDS)\bin\dclmlwiz140.bpl">Embarcadero Markup Language Wizards</Excluded_Packages>
						<Excluded_Packages Name="$(BDS)\bin\dclsmpedit140.bpl">Embarcadero Editor Script Enhancements</Excluded_Packages>
						<Excluded_Packages Name="$(BDS)\bin\dcltouch140.bpl">Embarcadero Touch Components</Excluded_Packages>
						<Excluded_Packages Name="$(BDS)\bin\samplevisualizers140.bpl">Embarcadero Sample Debugger Visualizers</Excluded_Packages>
						<Excluded_Packages Name="$(BDS)\bin\dclmcn140.bpl">Embarcadero DataSnap Connection Components</Excluded_Packages>
						<Excluded_Packages Name="$(BDS)\bin\dcltee8140.bpl">TeeChart Standard 8 Components</Excluded_Packages>
						<Excluded_Packages Name="$(BDS)\bin\dclado140.bpl">Embarcadero ADO DB Components</Excluded_Packages>
						<Excluded_Packages Name="$(BDS)\Bin\dclIndyProtocols140.bpl">Indy 10 Protocols Design Time</Excluded_Packages>
						<Excluded_Packages Name="$(BDS)\bin\dclIntraweb_100_140.bpl">VCL for the Web 10.0  Design Package for CodeGear RAD Studio</Excluded_Packages>
						<Excluded_Packages Name="$(BDS)\bin\dclsmp140.bpl">Embarcadero Sample Components</Excluded_Packages>
						<Excluded_Packages Name="$(BDS)\bin\dclie140.bpl">Internet Explorer Components</Excluded_Packages>
						<Excluded_Packages Name="$(BDS)\bin\dclwebsnap140.bpl">Embarcadero WebSnap Components</Excluded_Packages>
						<Excluded_Packages Name="$(BDS)\bin\dclsoap140.bpl">Embarcadero SOAP Components</Excluded_Packages>
						<Excluded_Packages Name="$(BDS)\bin\dclDataSnapIndy10ServerTransport140.bpl">Embarcadero DBExpress DataSnap Server Transport Components</Excluded_Packages>
						<Excluded_Packages Name="$(BDS)\bin\dclDataSnapProviderClient140.bpl">Embarcadero DBExpress DataSnap Provider Client Components</Excluded_Packages>
						<Excluded_Packages Name="$(BDS)\bin\dclDataSnapServer140.bpl">Embarcadero DBExpress DataSnap Server Components</Excluded_Packages>
						<Excluded_Packages Name="$(BDS)\bin\dclDBXDrivers140.bpl">Embarcadero Driver Components</Excluded_Packages>
						<Excluded_Packages Name="$(BDS)\bin\dclDBXDriversEnt140.bpl">Embarcadero Enterprise Driver Components</Excluded_Packages>
						<Excluded_Packages Name="$(BDS)\bin\dcldbxcds140.bpl">Embarcadero SimpleDataset Component (DBX)</Excluded_Packages>
					</Excluded_Packages>
				</Delphi.Personality>
			</BorlandProject>
			<ProjectFileVersion>12</ProjectFileVersion>
		</ProjectExtensions>
	</Project>
